{
  "name": "file-watcher",
  "version": "1.0.0",
  "lockfileVersion": 1,
  "requires": true,
  "dependencies": {
    "abbrev": {
      "version": "1.0.4",
      "resolved": "https://registry.npmjs.org/abbrev/-/abbrev-1.0.4.tgz",
      "integrity": "sha1-vVWuXkE7oXIu5Mq6H26hBBSlns0="
    },
    "ansi": {
      "version": "0.2.1",
      "resolved": "https://registry.npmjs.org/ansi/-/ansi-0.2.1.tgz",
      "integrity": "sha1-OrVo7BjNCrd1PIMRfVfa1oShwBc="
    },
    "ansi-regex": {
      "version": "2.1.1",
      "resolved": "https://registry.npmjs.org/ansi-regex/-/ansi-regex-2.1.1.tgz",
      "integrity": "sha1-w7M6te42DYbg5ijwRorn7yfWVN8="
    },
    "ansicolors": {
      "version": "0.3.2",
      "resolved": "https://registry.npmjs.org/ansicolors/-/ansicolors-0.3.2.tgz",
      "integrity": "sha1-ZlWX3oap/+Oqm/vmyuXG6kJrSXk="
    },
    "ansistyles": {
      "version": "0.1.3",
      "resolved": "https://registry.npmjs.org/ansistyles/-/ansistyles-0.1.3.tgz",
      "integrity": "sha1-XeYEFb2gcbs3EnhUyGT0GyMlRTk="
    },
    "aproba": {
      "version": "1.2.0",
      "resolved": "https://registry.npmjs.org/aproba/-/aproba-1.2.0.tgz",
      "integrity": "sha512-Y9J6ZjXtoYh8RnXVCMOU/ttDmk1aBjunq9vO0ta5x85WDQiQfUF9sIPBITdbiiIVcBo03Hi3jMxigBtsddlXRw=="
    },
    "archy": {
      "version": "0.0.2",
      "resolved": "https://registry.npmjs.org/archy/-/archy-0.0.2.tgz",
      "integrity": "sha1-kQ9Dv2YUH8M1VkWXq8GJ30Sz014="
    },
    "are-we-there-yet": {
      "version": "1.1.4",
      "resolved": "https://registry.npmjs.org/are-we-there-yet/-/are-we-there-yet-1.1.4.tgz",
      "integrity": "sha1-u13KOCu5TwXhUZQ3PRb9O6HKEQ0=",
      "requires": {
        "delegates": "1.0.0",
        "readable-stream": "2.3.6"
      }
    },
    "asn1": {
      "version": "0.1.11",
      "resolved": "https://registry.npmjs.org/asn1/-/asn1-0.1.11.tgz",
      "integrity": "sha1-VZvhg3bQik7E2+gId9J4GGObLfc=",
      "optional": true
    },
    "assert-plus": {
      "version": "0.1.5",
      "resolved": "https://registry.npmjs.org/assert-plus/-/assert-plus-0.1.5.tgz",
      "integrity": "sha1-7nQAlBMALYTOxyGcasgRgS5yMWA=",
      "optional": true
    },
    "async": {
      "version": "0.7.0",
      "resolved": "https://registry.npmjs.org/async/-/async-0.7.0.tgz",
      "integrity": "sha1-RCng5i9d4KVPN0WMSfC4l+tSraU="
    },
    "aws-sign2": {
      "version": "0.5.0",
      "resolved": "https://registry.npmjs.org/aws-sign2/-/aws-sign2-0.5.0.tgz",
      "integrity": "sha1-xXED96F/wDfwLXwuZLYC6iI/fWM=",
      "optional": true
    },
    "bee": {
      "version": "0.1.1",
      "resolved": "https://registry.npmjs.org/bee/-/bee-0.1.1.tgz",
      "integrity": "sha1-vbq9fLoQbji/EET65YG9Ie4IcFo=",
      "requires": {
        "async": "0.7.0",
        "colors": "0.6.2",
        "fileutil": "1.1.1",
        "minimatch": "0.2.14",
        "node-jsxml": "0.5.1",
        "node-properties-parser": "0.0.2",
        "npm": "1.3.26",
        "optimist": "0.6.1",
        "read": "1.0.7",
        "request": "2.34.0",
        "semver": "2.2.1"
      }
    },
    "block-stream": {
      "version": "0.0.7",
      "resolved": "https://registry.npmjs.org/block-stream/-/block-stream-0.0.7.tgz",
      "integrity": "sha1-kIirWuHoYfTYGxdrSoBGCAcD3u0=",
      "requires": {
        "inherits": "2.0.1"
      }
    },
    "boom": {
      "version": "0.4.2",
      "resolved": "https://registry.npmjs.org/boom/-/boom-0.4.2.tgz",
      "integrity": "sha1-emNune1O/O+xnO9JR6PGffrukRs=",
      "requires": {
        "hoek": "0.9.1"
      }
    },
    "bser": {
      "version": "2.0.0",
      "resolved": "https://registry.npmjs.org/bser/-/bser-2.0.0.tgz",
      "integrity": "sha1-mseNPtXZFYBP2HrLFYvHlxR6Fxk=",
      "requires": {
        "node-int64": "0.4.0"
      }
    },
    "builtin-modules": {
      "version": "1.1.1",
      "resolved": "https://registry.npmjs.org/builtin-modules/-/builtin-modules-1.1.1.tgz",
      "integrity": "sha1-Jw8HbFpywC9bZaR9+Uxf46J4iS8="
    },
    "child-process-close": {
      "version": "0.1.1",
      "resolved": "https://registry.npmjs.org/child-process-close/-/child-process-close-0.1.1.tgz",
      "integrity": "sha1-wVPt56XrZaxp54o4lzsaKGN3918="
    },
    "chmodr": {
      "version": "0.1.0",
      "resolved": "https://registry.npmjs.org/chmodr/-/chmodr-0.1.0.tgz",
      "integrity": "sha1-4JIVodUVQtsqJXaWl2W89hJVg+s="
    },
    "chownr": {
      "version": "0.0.1",
      "resolved": "https://registry.npmjs.org/chownr/-/chownr-0.0.1.tgz",
      "integrity": "sha1-UdGBidkJLV+K/WI/Moi/0ca/GmI="
    },
    "cmd-shim": {
      "version": "1.1.1",
      "resolved": "https://registry.npmjs.org/cmd-shim/-/cmd-shim-1.1.1.tgz",
      "integrity": "sha1-NIspLbMu10yCg/z2xIVJuExmWKc=",
      "requires": {
        "graceful-fs": "2.0.1",
        "mkdirp": "0.3.5"
      }
    },
    "code-point-at": {
      "version": "1.1.0",
      "resolved": "https://registry.npmjs.org/code-point-at/-/code-point-at-1.1.0.tgz",
      "integrity": "sha1-DQcLTQQ6W+ozovGkDi7bPZpMz3c="
    },
    "colors": {
      "version": "0.6.2",
      "resolved": "https://registry.npmjs.org/colors/-/colors-0.6.2.tgz",
      "integrity": "sha1-JCP+ZnisDF2uiFLl0OW+CMmXq8w="
    },
    "columnify": {
      "version": "0.1.2",
      "resolved": "https://registry.npmjs.org/columnify/-/columnify-0.1.2.tgz",
      "integrity": "sha1-qxofHjeya6S4fGkg+3F/5RyCcEI="
    },
    "combined-stream": {
      "version": "0.0.7",
      "resolved": "https://registry.npmjs.org/combined-stream/-/combined-stream-0.0.7.tgz",
      "integrity": "sha1-ATfmV7qlp1QcV6w3rF/AfXO03B8=",
      "optional": true,
      "requires": {
        "delayed-stream": "0.0.5"
      }
    },
    "config-chain": {
      "version": "1.1.11",
      "resolved": "https://registry.npmjs.org/config-chain/-/config-chain-1.1.11.tgz",
      "integrity": "sha1-q6CXR9++TD5w52am5BWG4YWfxvI=",
      "requires": {
        "ini": "1.3.5",
        "proto-list": "1.2.4"
      },
      "dependencies": {
        "ini": {
          "version": "1.3.5",
          "resolved": "https://registry.npmjs.org/ini/-/ini-1.3.5.tgz",
          "integrity": "sha512-RZY5huIKCMRWDUqZlEi72f/lmXKMvuszcMBduliQ3nnWbx9X/ZBQO7DijMEYS9EhHBb2qacRUMtC7svLwe0lcw=="
        }
      }
    },
    "console-control-strings": {
      "version": "1.1.0",
      "resolved": "https://registry.npmjs.org/console-control-strings/-/console-control-strings-1.1.0.tgz",
      "integrity": "sha1-PXz0Rk22RG6mRL9LOVB/mFEAjo4="
    },
    "core-util-is": {
      "version": "1.0.2",
      "resolved": "https://registry.npmjs.org/core-util-is/-/core-util-is-1.0.2.tgz",
      "integrity": "sha1-tf1UIgqivFq1eqtxQMlAdUUDwac="
    },
    "couch-login": {
      "version": "0.1.20",
      "resolved": "https://registry.npmjs.org/couch-login/-/couch-login-0.1.20.tgz",
      "integrity": "sha1-AHxw74AInbrm9Z7u7DdIB5mzlZU=",
      "requires": {
        "request": "2.34.0"
      }
    },
    "cryptiles": {
      "version": "0.2.2",
      "resolved": "https://registry.npmjs.org/cryptiles/-/cryptiles-0.2.2.tgz",
      "integrity": "sha1-7ZH/HxetE9N0gohZT4pIoNJvMlw=",
      "optional": true,
      "requires": {
        "boom": "0.4.2"
      }
    },
    "ctype": {
      "version": "0.5.3",
      "resolved": "https://registry.npmjs.org/ctype/-/ctype-0.5.3.tgz",
      "integrity": "sha1-gsGMJGH3QRTvFsE1IkrQuRRMoS8=",
      "optional": true
    },
    "delayed-stream": {
      "version": "0.0.5",
      "resolved": "https://registry.npmjs.org/delayed-stream/-/delayed-stream-0.0.5.tgz",
      "integrity": "sha1-1LH0OpPoKW3+AmlPRoC8N6MTxz8=",
      "optional": true
    },
    "delegates": {
      "version": "1.0.0",
      "resolved": "https://registry.npmjs.org/delegates/-/delegates-1.0.0.tgz",
      "integrity": "sha1-hMbhWbgZBP3KWaDvRM2HDTElD5o="
    },
    "dotenv": {
      "version": "5.0.1",
      "resolved": "https://registry.npmjs.org/dotenv/-/dotenv-5.0.1.tgz",
      "integrity": "sha512-4As8uPrjfwb7VXC+WnLCbXK7y+Ueb2B3zgNCePYfhxS1PYeaO1YTeplffTEcbfLhvFNGLAz90VvJs9yomG7bow=="
    },
    "editor": {
      "version": "0.0.5",
      "resolved": "https://registry.npmjs.org/editor/-/editor-0.0.5.tgz",
      "integrity": "sha1-jDiHd4HyVHARwa7/2+UMr8xZeUo="
    },
    "fb-watchman": {
      "version": "2.0.0",
      "resolved": "https://registry.npmjs.org/fb-watchman/-/fb-watchman-2.0.0.tgz",
      "integrity": "sha1-VOmr99+i8mzZsWNsWIwa/AXeXVg=",
      "requires": {
        "bser": "2.0.0"
      }
    },
    "fileutil": {
      "version": "1.1.1",
      "resolved": "https://registry.npmjs.org/fileutil/-/fileutil-1.1.1.tgz",
      "integrity": "sha1-wvOOOBbbyoxeqdpnXUXIvZGlLSE=",
      "requires": {
        "wrench": "1.4.4"
      }
    },
    "forever-agent": {
      "version": "0.5.2",
      "resolved": "https://registry.npmjs.org/forever-agent/-/forever-agent-0.5.2.tgz",
      "integrity": "sha1-bQ4JxJIflKJ/Y9O0nF/v8epMUTA="
    },
    "form-data": {
      "version": "0.1.4",
      "resolved": "https://registry.npmjs.org/form-data/-/form-data-0.1.4.tgz",
      "integrity": "sha1-kavXiKupcCsaq/qLwBAxoqyeOxI=",
      "optional": true,
      "requires": {
        "async": "0.9.2",
        "combined-stream": "0.0.7",
        "mime": "1.2.11"
      },
      "dependencies": {
        "async": {
          "version": "0.9.2",
          "resolved": "https://registry.npmjs.org/async/-/async-0.9.2.tgz",
          "integrity": "sha1-rqdNXmHB+JlhO/ZL2mbUx48v0X0=",
          "optional": true
        }
      }
    },
    "fstream": {
      "version": "0.1.25",
      "resolved": "https://registry.npmjs.org/fstream/-/fstream-0.1.25.tgz",
      "integrity": "sha1-3u8tt8eJg1fCs3ICISqeWzarxzI=",
      "requires": {
        "graceful-fs": "2.0.1",
        "inherits": "2.0.1",
        "mkdirp": "0.3.5",
        "rimraf": "2.2.6"
      }
    },
    "fstream-ignore": {
      "version": "0.0.10",
      "resolved": "https://registry.npmjs.org/fstream-ignore/-/fstream-ignore-0.0.10.tgz",
      "integrity": "sha1-sQ+PUizFVBX4C0H306MubLolTow=",
      "requires": {
        "fstream": "0.1.25",
        "inherits": "2.0.1",
        "minimatch": "0.3.0"
      },
      "dependencies": {
        "minimatch": {
          "version": "0.3.0",
          "resolved": "https://registry.npmjs.org/minimatch/-/minimatch-0.3.0.tgz",
          "integrity": "sha1-J12O2qxPG7MyZHIInnlJyDlGmd0=",
          "requires": {
            "lru-cache": "2.7.3",
            "sigmund": "1.0.1"
          }
        }
      }
    },
    "fstream-npm": {
      "version": "0.1.6",
      "resolved": "https://registry.npmjs.org/fstream-npm/-/fstream-npm-0.1.6.tgz",
      "integrity": "sha1-E2kyMHXZvYXPzJQJ8z8Nb+W+EE0=",
      "requires": {
        "fstream-ignore": "0.0.10",
        "inherits": "2.0.1"
      }
    },
    "gauge": {
      "version": "2.7.4",
      "resolved": "https://registry.npmjs.org/gauge/-/gauge-2.7.4.tgz",
      "integrity": "sha1-LANAXHU4w51+s3sxcCLjJfsBi/c=",
      "requires": {
        "aproba": "1.2.0",
        "console-control-strings": "1.1.0",
        "has-unicode": "2.0.1",
        "object-assign": "4.1.1",
        "signal-exit": "3.0.2",
        "string-width": "1.0.2",
        "strip-ansi": "3.0.1",
        "wide-align": "1.1.2"
      }
    },
    "github-url-from-git": {
      "version": "1.1.1",
      "resolved": "https://registry.npmjs.org/github-url-from-git/-/github-url-from-git-1.1.1.tgz",
      "integrity": "sha1-H4liNFMSPvliOVbiZMYL9MPPXM8="
    },
    "github-url-from-username-repo": {
      "version": "0.0.2",
      "resolved": "https://registry.npmjs.org/github-url-from-username-repo/-/github-url-from-username-repo-0.0.2.tgz",
      "integrity": "sha1-DZ7o4ryjbV8GWhvNI+s/H6PWNr0="
    },
    "glob": {
      "version": "3.2.7",
      "resolved": "https://registry.npmjs.org/glob/-/glob-3.2.7.tgz",
      "integrity": "sha1-J185oO7oBWlHkJJPNurDjh222AI=",
      "requires": {
        "inherits": "2.0.1",
        "minimatch": "0.2.14"
      }
    },
    "graceful-fs": {
      "version": "2.0.1",
      "resolved": "https://registry.npmjs.org/graceful-fs/-/graceful-fs-2.0.1.tgz",
      "integrity": "sha1-f9bgpIN8NdDMFTMClNlYSjiYz4Q="
    },
    "has-unicode": {
      "version": "2.0.1",
      "resolved": "https://registry.npmjs.org/has-unicode/-/has-unicode-2.0.1.tgz",
      "integrity": "sha1-4Ob+aijPUROIVeCG0Wkedx3iqLk="
    },
    "hawk": {
      "version": "1.0.0",
      "resolved": "https://registry.npmjs.org/hawk/-/hawk-1.0.0.tgz",
      "integrity": "sha1-uQuxaYByhUEdp//LjdJZhQLTtS0=",
      "optional": true,
      "requires": {
        "boom": "0.4.2",
        "cryptiles": "0.2.2",
        "hoek": "0.9.1",
        "sntp": "0.2.4"
      }
    },
    "hoek": {
      "version": "0.9.1",
      "resolved": "https://registry.npmjs.org/hoek/-/hoek-0.9.1.tgz",
      "integrity": "sha1-PTIkYrrfB3Fup+uFuviAec3c5QU="
    },
    "hosted-git-info": {
      "version": "2.6.0",
      "resolved": "https://registry.npmjs.org/hosted-git-info/-/hosted-git-info-2.6.0.tgz",
      "integrity": "sha512-lIbgIIQA3lz5XaB6vxakj6sDHADJiZadYEJB+FgA+C4nubM1NwcuvUr9EJPmnH1skZqpqUzWborWo8EIUi0Sdw=="
    },
    "http-signature": {
      "version": "0.10.1",
      "resolved": "https://registry.npmjs.org/http-signature/-/http-signature-0.10.1.tgz",
      "integrity": "sha1-T72sEyVZqoMjEh5UB3nAoBKyfmY=",
      "optional": true,
      "requires": {
        "asn1": "0.1.11",
        "assert-plus": "0.1.5",
        "ctype": "0.5.3"
      }
    },
    "inherits": {
      "version": "2.0.1",
      "resolved": "https://registry.npmjs.org/inherits/-/inherits-2.0.1.tgz",
      "integrity": "sha1-sX0I0ya0Qj5Wjv9xn5GwscvfafE="
    },
    "ini": {
      "version": "1.1.0",
      "resolved": "https://registry.npmjs.org/ini/-/ini-1.1.0.tgz",
      "integrity": "sha1-ToCMLOFExsF4iRjgNNZ5e8bPYoE="
    },
    "init-package-json": {
      "version": "0.0.14",
      "resolved": "https://registry.npmjs.org/init-package-json/-/init-package-json-0.0.14.tgz",
      "integrity": "sha1-vV97LXO1SVc4jMo85hGQNAyKBbc=",
      "requires": {
        "glob": "3.2.7",
        "promzard": "0.2.2",
        "read": "1.0.7",
        "read-package-json": "1.1.6",
        "semver": "2.2.1"
      }
    },
    "is-builtin-module": {
      "version": "1.0.0",
      "resolved": "https://registry.npmjs.org/is-builtin-module/-/is-builtin-module-1.0.0.tgz",
      "integrity": "sha1-VAVy0096wxGfj3bDDLwbHgN6/74=",
      "requires": {
        "builtin-modules": "1.1.1"
      }
    },
    "is-fullwidth-code-point": {
      "version": "1.0.0",
      "resolved": "https://registry.npmjs.org/is-fullwidth-code-point/-/is-fullwidth-code-point-1.0.0.tgz",
      "integrity": "sha1-754xOG8DGn8NZDr4L95QxFfvAMs=",
      "requires": {
        "number-is-nan": "1.0.1"
      }
    },
    "isarray": {
      "version": "1.0.0",
      "resolved": "https://registry.npmjs.org/isarray/-/isarray-1.0.0.tgz",
      "integrity": "sha1-u5NdSFgsuhaMBoNJV6VKPgcSTxE="
    },
    "json-stringify-safe": {
      "version": "5.0.1",
      "resolved": "https://registry.npmjs.org/json-stringify-safe/-/json-stringify-safe-5.0.1.tgz",
      "integrity": "sha1-Epai1Y/UXxmg9s4B1lcB4sc1tus="
    },
    "lockfile": {
      "version": "0.4.2",
      "resolved": "https://registry.npmjs.org/lockfile/-/lockfile-0.4.2.tgz",
      "integrity": "sha1-q5H103RbwAWuT6NNB4kQ0fK5YS0="
    },
    "lodash": {
      "version": "4.17.5",
      "resolved": "https://registry.npmjs.org/lodash/-/lodash-4.17.5.tgz",
      "integrity": "sha512-svL3uiZf1RwhH+cWrfZn3A4+U58wbP0tGVTLQPbjplZxZ8ROD9VLuNgsRniTlLe7OlSqR79RUehXgpBW/s0IQw=="
    },
    "lru-cache": {
      "version": "2.7.3",
      "resolved": "https://registry.npmjs.org/lru-cache/-/lru-cache-2.7.3.tgz",
      "integrity": "sha1-bUUk6LlV+V1PW1iFHOId1y+06VI="
    },
    "mime": {
      "version": "1.2.11",
      "resolved": "https://registry.npmjs.org/mime/-/mime-1.2.11.tgz",
      "integrity": "sha1-WCA+7Ybjpe8XrtK32evUfwpg3RA="
    },
    "minimatch": {
      "version": "0.2.14",
      "resolved": "https://registry.npmjs.org/minimatch/-/minimatch-0.2.14.tgz",
      "integrity": "sha1-x054BXT2PG+aCQ6Q775u9TpqdWo=",
      "requires": {
        "lru-cache": "2.7.3",
        "sigmund": "1.0.1"
      }
    },
    "minimist": {
      "version": "0.0.10",
      "resolved": "https://registry.npmjs.org/minimist/-/minimist-0.0.10.tgz",
      "integrity": "sha1-3j+YVD2/lggr5IrRoMfNqDYwHc8="
    },
    "mkdirp": {
      "version": "0.3.5",
      "resolved": "https://registry.npmjs.org/mkdirp/-/mkdirp-0.3.5.tgz",
      "integrity": "sha1-3j5fiWHIjHh+4TaN+EmsRBPsqNc="
    },
    "mute-stream": {
      "version": "0.0.7",
      "resolved": "https://registry.npmjs.org/mute-stream/-/mute-stream-0.0.7.tgz",
      "integrity": "sha1-MHXOk7whuPq0PhvE2n6BFe0ee6s="
    },
    "node-gyp": {
      "version": "0.12.2",
      "resolved": "https://registry.npmjs.org/node-gyp/-/node-gyp-0.12.2.tgz",
      "integrity": "sha1-vcp+cCX+swjd1/00NDAOR3A+xXo=",
      "requires": {
        "fstream": "0.1.25",
        "glob": "3.2.7",
        "graceful-fs": "2.0.1",
        "minimatch": "0.2.14",
        "mkdirp": "0.3.5",
        "nopt": "2.1.2",
        "npmlog": "0.0.6",
        "osenv": "0.0.3",
        "request": "2.34.0",
        "rimraf": "2.2.6",
        "semver": "2.2.1",
        "tar": "0.1.19",
        "which": "1.0.5"
      }
    },
    "node-int64": {
      "version": "0.4.0",
      "resolved": "https://registry.npmjs.org/node-int64/-/node-int64-0.4.0.tgz",
      "integrity": "sha1-h6kGXNs1XTGC2PlM4RGIuCXGijs="
    },
    "node-jsxml": {
      "version": "0.5.1",
      "resolved": "https://registry.npmjs.org/node-jsxml/-/node-jsxml-0.5.1.tgz",
      "integrity": "sha1-47UuvpJs/2Mkz8G6SZfuP7QKDbE="
    },
    "node-properties-parser": {
      "version": "0.0.2",
      "resolved": "https://registry.npmjs.org/node-properties-parser/-/node-properties-parser-0.0.2.tgz",
      "integrity": "sha1-y4WjUFWW6+TANFNpGufV13uoTaA="
    },
    "node-uuid": {
      "version": "1.4.8",
      "resolved": "https://registry.npmjs.org/node-uuid/-/node-uuid-1.4.8.tgz",
      "integrity": "sha1-sEDrCSOWivq/jTL7HxfxFn/auQc="
    },
    "nopt": {
      "version": "2.1.2",
      "resolved": "https://registry.npmjs.org/nopt/-/nopt-2.1.2.tgz",
      "integrity": "sha1-bMzZd7gBMqB3MdbozljCyDA8+a8=",
      "requires": {
        "abbrev": "1.0.4"
      }
    },
    "normalize-package-data": {
      "version": "2.4.0",
      "resolved": "https://registry.npmjs.org/normalize-package-data/-/normalize-package-data-2.4.0.tgz",
      "integrity": "sha512-9jjUFbTPfEy3R/ad/2oNbKtW9Hgovl5O1FvFWKkKblNXoN/Oou6+9+KKohPK13Yc3/TyunyWhJp6gvRNR/PPAw==",
      "requires": {
        "hosted-git-info": "2.6.0",
        "is-builtin-module": "1.0.0",
        "semver": "2.2.1",
        "validate-npm-package-license": "3.0.3"
      }
    },
    "npm": {
      "version": "1.3.26",
      "resolved": "https://registry.npmjs.org/npm/-/npm-1.3.26.tgz",
      "integrity": "sha1-vAe/fLWHEAeBQciFwtSS/VcPYG0=",
      "requires": {
        "abbrev": "1.0.4",
        "ansi": "0.2.1",
        "ansicolors": "0.3.2",
        "ansistyles": "0.1.3",
        "archy": "0.0.2",
        "block-stream": "0.0.7",
        "child-process-close": "0.1.1",
        "chmodr": "0.1.0",
        "chownr": "0.0.1",
        "cmd-shim": "1.1.1",
        "columnify": "0.1.2",
        "editor": "0.0.5",
        "fstream": "0.1.25",
        "fstream-npm": "0.1.6",
        "github-url-from-git": "1.1.1",
        "github-url-from-username-repo": "0.0.2",
        "glob": "3.2.7",
        "graceful-fs": "2.0.1",
        "inherits": "2.0.1",
        "ini": "1.1.0",
        "init-package-json": "0.0.14",
        "lockfile": "0.4.2",
        "lru-cache": "2.5.0",
        "minimatch": "0.2.14",
        "mkdirp": "0.3.5",
        "node-gyp": "0.12.2",
        "nopt": "2.1.2",
        "normalize-package-data": "2.4.0",
        "npm-registry-client": "0.3.5",
        "npm-user-validate": "0.0.3",
        "npmconf": "0.1.12",
        "npmlog": "0.0.6",
        "once": "1.3.0",
        "opener": "1.3.0",
        "osenv": "0.0.3",
        "path-is-inside": "1.0.0",
        "read": "1.0.5",
        "read-installed": "0.2.5",
        "read-package-json": "1.1.6",
        "request": "2.30.0",
        "retry": "0.6.0",
        "rimraf": "2.2.6",
        "semver": "2.2.1",
        "sha": "1.2.3",
        "slide": "1.1.5",
        "tar": "0.1.19",
        "text-table": "0.2.0",
        "uid-number": "0.0.3",
        "which": "1.0.5"
      },
      "dependencies": {
        "lru-cache": {
          "version": "2.5.0",
          "resolved": "https://registry.npmjs.org/lru-cache/-/lru-cache-2.5.0.tgz",
          "integrity": "sha1-2COIrpyWC+y+oMc7uet5tsbOmus="
        },
        "minimatch": {
          "version": "0.2.14",
          "resolved": "https://registry.npmjs.org/minimatch/-/minimatch-0.2.14.tgz",
          "integrity": "sha1-x054BXT2PG+aCQ6Q775u9TpqdWo=",
          "requires": {
            "lru-cache": "2.5.0",
            "sigmund": "1.0.1"
          }
        },
        "read": {
          "version": "1.0.5",
          "resolved": "https://registry.npmjs.org/read/-/read-1.0.5.tgz",
          "integrity": "sha1-AHo9FpR4qnEKSRcn5FPv+5LnYgM=",
          "requires": {
            "mute-stream": "0.0.7"
          }
        },
        "request": {
          "version": "2.30.0",
          "resolved": "https://registry.npmjs.org/request/-/request-2.30.0.tgz",
          "integrity": "sha1-jg028IBuiRFSSwcrZMXuU1oJ2GE=",
          "requires": {
            "aws-sign2": "0.5.0",
            "forever-agent": "0.5.2",
            "form-data": "0.1.4",
            "hawk": "1.0.0",
            "http-signature": "0.10.1",
            "json-stringify-safe": "5.0.1",
            "mime": "1.2.11",
            "node-uuid": "1.4.8",
            "oauth-sign": "0.3.0",
            "qs": "0.6.6",
            "tough-cookie": "0.9.15",
            "tunnel-agent": "0.3.0"
          }
        },
        "semver": {
          "version": "2.2.1",
          "resolved": "https://registry.npmjs.org/semver/-/semver-2.2.1.tgz",
          "integrity": "sha1-eUEYKz/8xYC/8cF5QqzfeVHA0hM="
        },
        "tough-cookie": {
          "version": "0.9.15",
          "resolved": "https://registry.npmjs.org/tough-cookie/-/tough-cookie-0.9.15.tgz",
          "integrity": "sha1-dWF6w0fjZZBSsDUBMYhYKWdzmfY=",
          "optional": true,
          "requires": {
            "punycode": "1.4.1"
          }
        }
      }
    },
    "npm-registry-client": {
      "version": "0.3.5",
      "resolved": "https://registry.npmjs.org/npm-registry-client/-/npm-registry-client-0.3.5.tgz",
      "integrity": "sha1-mLoayFGjk5o/uZF8KPqNpSLcY18=",
      "requires": {
        "chownr": "0.0.1",
        "couch-login": "0.1.20",
        "graceful-fs": "2.0.1",
        "mkdirp": "0.3.5",
        "npmlog": "4.1.2",
        "request": "2.34.0",
        "retry": "0.6.0",
        "rimraf": "2.2.6",
        "semver": "2.2.1",
        "slide": "1.1.5"
      },
      "dependencies": {
        "npmlog": {
          "version": "4.1.2",
          "resolved": "https://registry.npmjs.org/npmlog/-/npmlog-4.1.2.tgz",
          "integrity": "sha512-2uUqazuKlTaSI/dC8AzicUck7+IrEaOnN/e0jd3Xtt1KcGpwx30v50mL7oPyr/h9bL3E4aZccVwpwP+5W9Vjkg==",
          "requires": {
            "are-we-there-yet": "1.1.4",
            "console-control-strings": "1.1.0",
            "gauge": "2.7.4",
            "set-blocking": "2.0.0"
          }
        }
      }
    },
    "npm-user-validate": {
      "version": "0.0.3",
      "resolved": "https://registry.npmjs.org/npm-user-validate/-/npm-user-validate-0.0.3.tgz",
      "integrity": "sha1-gY7KQxLRPaZI+bwdf4C7TxUeDC4="
    },
    "npmconf": {
      "version": "0.1.12",
      "resolved": "https://registry.npmjs.org/npmconf/-/npmconf-0.1.12.tgz",
      "integrity": "sha1-e4m7u5P7vESdf6wQnoFktH0QXpA=",
      "requires": {
        "config-chain": "1.1.11",
        "inherits": "2.0.1",
        "ini": "1.1.0",
        "mkdirp": "0.3.5",
        "nopt": "2.1.2",
        "once": "1.3.0",
        "osenv": "0.0.3",
        "semver": "2.2.1"
      }
    },
    "npmlog": {
      "version": "0.0.6",
      "resolved": "https://registry.npmjs.org/npmlog/-/npmlog-0.0.6.tgz",
      "integrity": "sha1-aFBD/nGqFmXW47Ks7xgGQMr0CHM=",
      "requires": {
        "ansi": "0.2.1"
      }
    },
    "number-is-nan": {
      "version": "1.0.1",
      "resolved": "https://registry.npmjs.org/number-is-nan/-/number-is-nan-1.0.1.tgz",
      "integrity": "sha1-CXtgK1NCKlIsGvuHkDGDNpQaAR0="
    },
    "oauth-sign": {
      "version": "0.3.0",
      "resolved": "https://registry.npmjs.org/oauth-sign/-/oauth-sign-0.3.0.tgz",
      "integrity": "sha1-y1QPk7srIqfVlBaRoojWDo6pOG4=",
      "optional": true
    },
    "object-assign": {
      "version": "4.1.1",
      "resolved": "https://registry.npmjs.org/object-assign/-/object-assign-4.1.1.tgz",
      "integrity": "sha1-IQmtx5ZYh8/AXLvUQsrIv7s2CGM="
    },
    "once": {
      "version": "1.3.0",
      "resolved": "https://registry.npmjs.org/once/-/once-1.3.0.tgz",
      "integrity": "sha1-FRr4a/wfCMS58H0GqyUP/L61ZYE="
    },
    "opener": {
      "version": "1.3.0",
      "resolved": "https://registry.npmjs.org/opener/-/opener-1.3.0.tgz",
      "integrity": "sha1-EwumYiE/qELttM0DYdMaFTAaQ+I="
    },
    "optimist": {
      "version": "0.6.1",
      "resolved": "https://registry.npmjs.org/optimist/-/optimist-0.6.1.tgz",
      "integrity": "sha1-2j6nRob6IaGaERwybpDrFaAZZoY=",
      "requires": {
        "minimist": "0.0.10",
        "wordwrap": "0.0.3"
      }
    },
    "osenv": {
      "version": "0.0.3",
      "resolved": "https://registry.npmjs.org/osenv/-/osenv-0.0.3.tgz",
      "integrity": "sha1-zWrY3bKQkVrZ4idlV2Al1BHynLY="
    },
    "path-is-inside": {
      "version": "1.0.0",
      "resolved": "https://registry.npmjs.org/path-is-inside/-/path-is-inside-1.0.0.tgz",
      "integrity": "sha1-jsHEKkwaA54+dfbp5gKb0MaZAW4="
    },
    "process-nextick-args": {
      "version": "2.0.0",
      "resolved": "https://registry.npmjs.org/process-nextick-args/-/process-nextick-args-2.0.0.tgz",
      "integrity": "sha512-MtEC1TqN0EU5nephaJ4rAtThHtC86dNN9qCuEhtshvpVBkAW5ZO7BASN9REnF9eoXGcRub+pFuKEpOHE+HbEMw=="
    },
    "promzard": {
      "version": "0.2.2",
      "resolved": "https://registry.npmjs.org/promzard/-/promzard-0.2.2.tgz",
      "integrity": "sha1-kYufKylFjLABeBqIVlAuSnmwFuA=",
      "requires": {
        "read": "1.0.7"
      }
    },
    "proto-list": {
      "version": "1.2.4",
      "resolved": "https://registry.npmjs.org/proto-list/-/proto-list-1.2.4.tgz",
      "integrity": "sha1-IS1b/hMYMGpCD2QCuOJv85ZHqEk="
    },
    "punycode": {
      "version": "1.4.1",
      "resolved": "https://registry.npmjs.org/punycode/-/punycode-1.4.1.tgz",
      "integrity": "sha1-wNWmOycYgArY4esPpSachN1BhF4=",
      "optional": true
    },
    "qs": {
      "version": "0.6.6",
      "resolved": "https://registry.npmjs.org/qs/-/qs-0.6.6.tgz",
      "integrity": "sha1-bgFQmP9RlouKPIGQAdXyyJvEsQc="
    },
    "read": {
      "version": "1.0.7",
      "resolved": "https://registry.npmjs.org/read/-/read-1.0.7.tgz",
      "integrity": "sha1-s9oZvQUkMal2cdRKQmNK33ELQMQ=",
      "requires": {
        "mute-stream": "0.0.7"
      }
    },
    "read-installed": {
      "version": "0.2.5",
      "resolved": "https://registry.npmjs.org/read-installed/-/read-installed-0.2.5.tgz",
      "integrity": "sha1-E034sybYtUsR4Y992Mgb9el274Y=",
      "requires": {
        "graceful-fs": "2.0.1",
        "read-package-json": "1.1.6",
        "semver": "2.2.1",
        "slide": "1.1.5"
      }
    },
    "read-package-json": {
      "version": "1.1.6",
      "resolved": "https://registry.npmjs.org/read-package-json/-/read-package-json-1.1.6.tgz",
      "integrity": "sha1-qFHbuspI/3iof4kPCp/fQ7F1nVo=",
      "requires": {
        "glob": "3.2.7",
        "graceful-fs": "2.0.1",
        "lru-cache": "2.7.3",
        "normalize-package-data": "0.2.13"
      },
      "dependencies": {
        "github-url-from-username-repo": {
          "version": "0.1.0",
          "resolved": "https://registry.npmjs.org/github-url-from-username-repo/-/github-url-from-username-repo-0.1.0.tgz",
          "integrity": "sha1-/jmK9nBpLpGve8/Frh2Z/5ex34k="
        },
        "normalize-package-data": {
          "version": "0.2.13",
          "resolved": "https://registry.npmjs.org/normalize-package-data/-/normalize-package-data-0.2.13.tgz",
          "integrity": "sha1-UPn9nnexyEEc0jHbKWLnOWPed00=",
          "requires": {
            "github-url-from-git": "1.1.1",
            "github-url-from-username-repo": "0.1.0",
            "semver": "2.2.1"
          }
        }
      }
    },
    "readable-stream": {
      "version": "2.3.6",
      "resolved": "https://registry.npmjs.org/readable-stream/-/readable-stream-2.3.6.tgz",
      "integrity": "sha512-tQtKA9WIAhBF3+VLAseyMqZeBjW0AHJoxOtYqSUZNJxauErmLbVm2FW1y+J/YA9dUrAC39ITejlZWhVIwawkKw==",
      "requires": {
        "core-util-is": "1.0.2",
        "inherits": "2.0.3",
        "isarray": "1.0.0",
        "process-nextick-args": "2.0.0",
        "safe-buffer": "5.1.1",
        "string_decoder": "1.1.1",
        "util-deprecate": "1.0.2"
      },
      "dependencies": {
        "inherits": {
          "version": "2.0.3",
          "resolved": "https://registry.npmjs.org/inherits/-/inherits-2.0.3.tgz",
          "integrity": "sha1-Yzwsg+PaQqUC9SRmAiSA9CCCYd4="
        }
      }
    },
    "request": {
      "version": "2.34.0",
      "resolved": "https://registry.npmjs.org/request/-/request-2.34.0.tgz",
      "integrity": "sha1-tdi5UmrdSi1GKfTUFxJFc5lkRa4=",
      "requires": {
        "aws-sign2": "0.5.0",
        "forever-agent": "0.5.2",
        "form-data": "0.1.4",
        "hawk": "1.0.0",
        "http-signature": "0.10.1",
        "json-stringify-safe": "5.0.1",
        "mime": "1.2.11",
        "node-uuid": "1.4.8",
        "oauth-sign": "0.3.0",
        "qs": "0.6.6",
        "tough-cookie": "2.3.4",
        "tunnel-agent": "0.3.0"
      }
    },
    "retry": {
      "version": "0.6.0",
      "resolved": "https://registry.npmjs.org/retry/-/retry-0.6.0.tgz",
      "integrity": "sha1-HAEHEyeab9Ho3vKK8MP/GHHKpTc="
    },
    "rimraf": {
      "version": "2.2.6",
      "resolved": "https://registry.npmjs.org/rimraf/-/rimraf-2.2.6.tgz",
      "integrity": "sha1-xZWXVpsU2VatKcrMQr3d9fDqT0w="
    },
    "safe-buffer": {
      "version": "5.1.1",
      "resolved": "https://registry.npmjs.org/safe-buffer/-/safe-buffer-5.1.1.tgz",
      "integrity": "sha512-kKvNJn6Mm93gAczWVJg7wH+wGYWNrDHdWvpUmHyEsgCtIwwo3bqPtV4tR5tuPaUhTOo/kvhVwd8XwwOllGYkbg=="
    },
    "semver": {
      "version": "2.2.1",
      "resolved": "https://registry.npmjs.org/semver/-/semver-2.2.1.tgz",
      "integrity": "sha1-eUEYKz/8xYC/8cF5QqzfeVHA0hM="
    },
    "set-blocking": {
      "version": "2.0.0",
      "resolved": "https://registry.npmjs.org/set-blocking/-/set-blocking-2.0.0.tgz",
      "integrity": "sha1-BF+XgtARrppoA93TgrJDkrPYkPc="
    },
    "sha": {
      "version": "1.2.3",
      "resolved": "https://registry.npmjs.org/sha/-/sha-1.2.3.tgz",
      "integrity": "sha1-OpbvMFSg/guHyaqYWCSmpzb8Ayk=",
      "requires": {
        "graceful-fs": "2.0.1",
        "readable-stream": "1.0.34"
      },
      "dependencies": {
        "isarray": {
          "version": "0.0.1",
          "resolved": "https://registry.npmjs.org/isarray/-/isarray-0.0.1.tgz",
          "integrity": "sha1-ihis/Kmo9Bd+Cav8YDiTmwXR7t8=",
          "optional": true
        },
        "readable-stream": {
          "version": "1.0.34",
          "resolved": "https://registry.npmjs.org/readable-stream/-/readable-stream-1.0.34.tgz",
          "integrity": "sha1-Elgg40vIQtLyqq+v5MKRbuMsFXw=",
          "optional": true,
          "requires": {
            "core-util-is": "1.0.2",
            "inherits": "2.0.1",
            "isarray": "0.0.1",
            "string_decoder": "0.10.31"
          }
        },
        "string_decoder": {
          "version": "0.10.31",
          "resolved": "https://registry.npmjs.org/string_decoder/-/string_decoder-0.10.31.tgz",
          "integrity": "sha1-YuIDvEF2bGwoyfyEMB2rHFMQ+pQ=",
          "optional": true
        }
      }
    },
    "sigmund": {
      "version": "1.0.1",
      "resolved": "https://registry.npmjs.org/sigmund/-/sigmund-1.0.1.tgz",
      "integrity": "sha1-P/IfGYytIXX587eBhT/ZTQ0ZtZA="
    },
    "signal-exit": {
      "version": "3.0.2",
      "resolved": "https://registry.npmjs.org/signal-exit/-/signal-exit-3.0.2.tgz",
      "integrity": "sha1-tf3AjxKH6hF4Yo5BXiUTK3NkbG0="
    },
    "slide": {
      "version": "1.1.5",
      "resolved": "https://registry.npmjs.org/slide/-/slide-1.1.5.tgz",
      "integrity": "sha1-MXMq3q548dLWCim2O69qAy33wl0="
    },
    "sntp": {
      "version": "0.2.4",
      "resolved": "https://registry.npmjs.org/sntp/-/sntp-0.2.4.tgz",
      "integrity": "sha1-+4hfGLDzqtGJ+CSGJTa87ux1CQA=",
      "optional": true,
      "requires": {
        "hoek": "0.9.1"
      }
    },
    "spdx-correct": {
      "version": "3.0.0",
      "resolved": "https://registry.npmjs.org/spdx-correct/-/spdx-correct-3.0.0.tgz",
      "integrity": "sha512-N19o9z5cEyc8yQQPukRCZ9EUmb4HUpnrmaL/fxS2pBo2jbfcFRVuFZ/oFC+vZz0MNNk0h80iMn5/S6qGZOL5+g==",
      "requires": {
        "spdx-expression-parse": "3.0.0",
        "spdx-license-ids": "3.0.0"
      }
    },
    "spdx-exceptions": {
      "version": "2.1.0",
      "resolved": "https://registry.npmjs.org/spdx-exceptions/-/spdx-exceptions-2.1.0.tgz",
      "integrity": "sha512-4K1NsmrlCU1JJgUrtgEeTVyfx8VaYea9J9LvARxhbHtVtohPs/gFGG5yy49beySjlIMhhXZ4QqujIZEfS4l6Cg=="
    },
    "spdx-expression-parse": {
      "version": "3.0.0",
      "resolved": "https://registry.npmjs.org/spdx-expression-parse/-/spdx-expression-parse-3.0.0.tgz",
      "integrity": "sha512-Yg6D3XpRD4kkOmTpdgbUiEJFKghJH03fiC1OPll5h/0sO6neh2jqRDVHOQ4o/LMea0tgCkbMgea5ip/e+MkWyg==",
      "requires": {
        "spdx-exceptions": "2.1.0",
        "spdx-license-ids": "3.0.0"
      }
    },
    "spdx-license-ids": {
      "version": "3.0.0",
      "resolved": "https://registry.npmjs.org/spdx-license-ids/-/spdx-license-ids-3.0.0.tgz",
      "integrity": "sha512-2+EPwgbnmOIl8HjGBXXMd9NAu02vLjOO1nWw4kmeRDFyHn+M/ETfHxQUK0oXg8ctgVnl9t3rosNVsZ1jG61nDA=="
    },
    "string-width": {
      "version": "1.0.2",
      "resolved": "https://registry.npmjs.org/string-width/-/string-width-1.0.2.tgz",
      "integrity": "sha1-EYvfW4zcUaKn5w0hHgfisLmxB9M=",
      "requires": {
        "code-point-at": "1.1.0",
        "is-fullwidth-code-point": "1.0.0",
        "strip-ansi": "3.0.1"
      }
    },
    "string_decoder": {
      "version": "1.1.1",
      "resolved": "https://registry.npmjs.org/string_decoder/-/string_decoder-1.1.1.tgz",
      "integrity": "sha512-n/ShnvDi6FHbbVfviro+WojiFzv+s8MPMHBczVePfUpDJLwoLT0ht1l4YwBCbi8pJAveEEdnkHyPyTP/mzRfwg==",
      "requires": {
        "safe-buffer": "5.1.1"
      }
    },
    "strip-ansi": {
      "version": "3.0.1",
      "resolved": "https://registry.npmjs.org/strip-ansi/-/strip-ansi-3.0.1.tgz",
      "integrity": "sha1-ajhfuIU9lS1f8F0Oiq+UJ43GPc8=",
      "requires": {
        "ansi-regex": "2.1.1"
      }
    },
    "tar": {
      "version": "0.1.19",
      "resolved": "https://registry.npmjs.org/tar/-/tar-0.1.19.tgz",
      "integrity": "sha1-/kWUF5nmYM4epS2HXTdIG0vxPqw=",
      "requires": {
        "block-stream": "0.0.7",
        "fstream": "0.1.25",
        "inherits": "2.0.1"
      }
    },
    "text-table": {
      "version": "0.2.0",
      "resolved": "https://registry.npmjs.org/text-table/-/text-table-0.2.0.tgz",
      "integrity": "sha1-f17oI66AUgfACvLfSoTsP8+lcLQ="
    },
    "tough-cookie": {
      "version": "2.3.4",
      "resolved": "https://registry.npmjs.org/tough-cookie/-/tough-cookie-2.3.4.tgz",
      "integrity": "sha512-TZ6TTfI5NtZnuyy/Kecv+CnoROnyXn2DN97LontgQpCwsX2XyLYCC0ENhYkehSOwAp8rTQKc/NUIF7BkQ5rKLA==",
      "optional": true,
      "requires": {
        "punycode": "1.4.1"
      }
    },
    "tunnel-agent": {
      "version": "0.3.0",
      "resolved": "https://registry.npmjs.org/tunnel-agent/-/tunnel-agent-0.3.0.tgz",
      "integrity": "sha1-rWgbaPUyGtKCfEz7G31d8s/pQu4=",
      "optional": true
    },
    "uid-number": {
      "version": "0.0.3",
      "resolved": "https://registry.npmjs.org/uid-number/-/uid-number-0.0.3.tgz",
      "integrity": "sha1-zvsPoTjY2AmNpxpAoNBKgyfW4cw="
    },
    "util-deprecate": {
      "version": "1.0.2",
      "resolved": "https://registry.npmjs.org/util-deprecate/-/util-deprecate-1.0.2.tgz",
      "integrity": "sha1-RQ1Nyfpw3nMnYvvS1KKJgUGaDM8="
    },
    "validate-npm-package-license": {
      "version": "3.0.3",
      "resolved": "https://registry.npmjs.org/validate-npm-package-license/-/validate-npm-package-license-3.0.3.tgz",
      "integrity": "sha512-63ZOUnL4SIXj4L0NixR3L1lcjO38crAbgrTpl28t8jjrfuiOBL5Iygm+60qPs/KsZGzPNg6Smnc/oY16QTjF0g==",
      "requires": {
        "spdx-correct": "3.0.0",
        "spdx-expression-parse": "3.0.0"
      }
    },
    "which": {
      "version": "1.0.5",
      "resolved": "https://registry.npmjs.org/which/-/which-1.0.5.tgz",
      "integrity": "sha1-VjDWgZ3aaS8UZEYueVbLQsCEJzk="
    },
    "wide-align": {
      "version": "1.1.2",
      "resolved": "https://registry.npmjs.org/wide-align/-/wide-align-1.1.2.tgz",
      "integrity": "sha512-ijDLlyQ7s6x1JgCLur53osjm/UXUYD9+0PbYKrBsYisYXzCxN+HC3mYDNy/dWdmf3AwqwU3CXwDCvsNgGK1S0w==",
      "requires": {
        "string-width": "1.0.2"
      }
    },
    "wordwrap": {
      "version": "0.0.3",
      "resolved": "https://registry.npmjs.org/wordwrap/-/wordwrap-0.0.3.tgz",
      "integrity": "sha1-o9XabNXAvAAI03I0u68b7WMFkQc="
    },
    "wrench": {
      "version": "1.4.4",
      "resolved": "https://registry.npmjs.org/wrench/-/wrench-1.4.4.tgz",
      "integrity": "sha1-f1I+/bcbAQDnfc6DTAZSPL49VOA="
    }
  }
}
